// !$*UTF8*$!
{
	archiveVersion = 1;
	classes = {
	};
	objectVersion = 56;
	objects = {

/* Begin PBXBuildFile section */
		25077E0C2CCE861000AA8A70 /* PopularReadView.swift in Sources */ = {isa = PBXBuildFile; fileRef = 25077E0B2CCE861000AA8A70 /* PopularReadView.swift */; };
		25077E0E2CCE8EF700AA8A70 /* SafariView.swift in Sources */ = {isa = PBXBuildFile; fileRef = 25077E0D2CCE8EF700AA8A70 /* SafariView.swift */; };
		25680A2A2CCCF8A900AD98E9 /* OpenBooksApp.swift in Sources */ = {isa = PBXBuildFile; fileRef = 25680A292CCCF8A900AD98E9 /* OpenBooksApp.swift */; };
		25680A2C2CCCF8A900AD98E9 /* ContentView.swift in Sources */ = {isa = PBXBuildFile; fileRef = 25680A2B2CCCF8A900AD98E9 /* ContentView.swift */; };
		25680A2E2CCCF8AA00AD98E9 /* Assets.xcassets in Resources */ = {isa = PBXBuildFile; fileRef = 25680A2D2CCCF8AA00AD98E9 /* Assets.xcassets */; };
		25680A312CCCF8AA00AD98E9 /* Preview Assets.xcassets in Resources */ = {isa = PBXBuildFile; fileRef = 25680A302CCCF8AA00AD98E9 /* Preview Assets.xcassets */; };
		25C4C7262CCE61E100AA2CCB /* Enums.swift in Sources */ = {isa = PBXBuildFile; fileRef = 25C4C7252CCE61E100AA2CCB /* Enums.swift */; };
		25C4C7282CCE622C00AA2CCB /* Book.swift in Sources */ = {isa = PBXBuildFile; fileRef = 25C4C7272CCE622C00AA2CCB /* Book.swift */; };
		25C4C72A2CCE632400AA2CCB /* CategoryButtonView.swift in Sources */ = {isa = PBXBuildFile; fileRef = 25C4C7292CCE632400AA2CCB /* CategoryButtonView.swift */; };
		25C4C72C2CCE636F00AA2CCB /* BookView.swift in Sources */ = {isa = PBXBuildFile; fileRef = 25C4C72B2CCE636F00AA2CCB /* BookView.swift */; };
		25C4C72E2CCE66E900AA2CCB /* BookViewModel.swift in Sources */ = {isa = PBXBuildFile; fileRef = 25C4C72D2CCE66E900AA2CCB /* BookViewModel.swift */; };
		25C4C7332CCE6B4800AA2CCB /* SelectedView.swift in Sources */ = {isa = PBXBuildFile; fileRef = 25C4C7322CCE6B4800AA2CCB /* SelectedView.swift */; };
		25C4C7352CCE6C6000AA2CCB /* BooksView.swift in Sources */ = {isa = PBXBuildFile; fileRef = 25C4C7342CCE6C6000AA2CCB /* BooksView.swift */; };
		25C4C7372CCE6EBC00AA2CCB /* HomeView.swift in Sources */ = {isa = PBXBuildFile; fileRef = 25C4C7362CCE6EBC00AA2CCB /* HomeView.swift */; };
		25C4C7392CCE6EEE00AA2CCB /* SegmentedControll.swift in Sources */ = {isa = PBXBuildFile; fileRef = 25C4C7382CCE6EEE00AA2CCB /* SegmentedControll.swift */; };
		25C9C1F12CCE50A500E262B4 /* .gitignore in Resources */ = {isa = PBXBuildFile; fileRef = 25C9C1F02CCE50A500E262B4 /* .gitignore */; };
/* End PBXBuildFile section */

/* Begin PBXFileReference section */
		25077E0B2CCE861000AA8A70 /* PopularReadView.swift */ = {isa = PBXFileReference; lastKnownFileType = sourcecode.swift; path = PopularReadView.swift; sourceTree = "<group>"; };
		25077E0D2CCE8EF700AA8A70 /* SafariView.swift */ = {isa = PBXFileReference; lastKnownFileType = sourcecode.swift; path = SafariView.swift; sourceTree = "<group>"; };
		25680A262CCCF8A900AD98E9 /* OpenBooks.app */ = {isa = PBXFileReference; explicitFileType = wrapper.application; includeInIndex = 0; path = OpenBooks.app; sourceTree = BUILT_PRODUCTS_DIR; };
		25680A292CCCF8A900AD98E9 /* OpenBooksApp.swift */ = {isa = PBXFileReference; lastKnownFileType = sourcecode.swift; path = OpenBooksApp.swift; sourceTree = "<group>"; };
		25680A2B2CCCF8A900AD98E9 /* ContentView.swift */ = {isa = PBXFileReference; lastKnownFileType = sourcecode.swift; path = ContentView.swift; sourceTree = "<group>"; };
		25680A2D2CCCF8AA00AD98E9 /* Assets.xcassets */ = {isa = PBXFileReference; lastKnownFileType = folder.assetcatalog; path = Assets.xcassets; sourceTree = "<group>"; };
		25680A302CCCF8AA00AD98E9 /* Preview Assets.xcassets */ = {isa = PBXFileReference; lastKnownFileType = folder.assetcatalog; path = "Preview Assets.xcassets"; sourceTree = "<group>"; };
		25C4C7252CCE61E100AA2CCB /* Enums.swift */ = {isa = PBXFileReference; lastKnownFileType = sourcecode.swift; path = Enums.swift; sourceTree = "<group>"; };
		25C4C7272CCE622C00AA2CCB /* Book.swift */ = {isa = PBXFileReference; lastKnownFileType = sourcecode.swift; path = Book.swift; sourceTree = "<group>"; };
		25C4C7292CCE632400AA2CCB /* CategoryButtonView.swift */ = {isa = PBXFileReference; lastKnownFileType = sourcecode.swift; path = CategoryButtonView.swift; sourceTree = "<group>"; };
		25C4C72B2CCE636F00AA2CCB /* BookView.swift */ = {isa = PBXFileReference; lastKnownFileType = sourcecode.swift; path = BookView.swift; sourceTree = "<group>"; };
		25C4C72D2CCE66E900AA2CCB /* BookViewModel.swift */ = {isa = PBXFileReference; lastKnownFileType = sourcecode.swift; path = BookViewModel.swift; sourceTree = "<group>"; };
		25C4C7322CCE6B4800AA2CCB /* SelectedView.swift */ = {isa = PBXFileReference; lastKnownFileType = sourcecode.swift; path = SelectedView.swift; sourceTree = "<group>"; };
		25C4C7342CCE6C6000AA2CCB /* BooksView.swift */ = {isa = PBXFileReference; lastKnownFileType = sourcecode.swift; path = BooksView.swift; sourceTree = "<group>"; };
		25C4C7362CCE6EBC00AA2CCB /* HomeView.swift */ = {isa = PBXFileReference; lastKnownFileType = sourcecode.swift; path = HomeView.swift; sourceTree = "<group>"; };
		25C4C7382CCE6EEE00AA2CCB /* SegmentedControll.swift */ = {isa = PBXFileReference; lastKnownFileType = sourcecode.swift; path = SegmentedControll.swift; sourceTree = "<group>"; };
		25C9C1F02CCE50A500E262B4 /* .gitignore */ = {isa = PBXFileReference; lastKnownFileType = text; path = .gitignore; sourceTree = "<group>"; };
/* End PBXFileReference section */

/* Begin PBXFrameworksBuildPhase section */
		25680A232CCCF8A900AD98E9 /* Frameworks */ = {
			isa = PBXFrameworksBuildPhase;
			buildActionMask = 2147483647;
			files = (
			);
			runOnlyForDeploymentPostprocessing = 0;
		};
/* End PBXFrameworksBuildPhase section */

/* Begin PBXGroup section */
		25680A1D2CCCF8A900AD98E9 = {
			isa = PBXGroup;
			children = (
				25C9C1F02CCE50A500E262B4 /* .gitignore */,
				25680A282CCCF8A900AD98E9 /* OpenBooks */,
				25680A272CCCF8A900AD98E9 /* Products */,
			);
			sourceTree = "<group>";
		};
		25680A272CCCF8A900AD98E9 /* Products */ = {
			isa = PBXGroup;
			children = (
				25680A262CCCF8A900AD98E9 /* OpenBooks.app */,
			);
			name = Products;
			sourceTree = "<group>";
		};
		25680A282CCCF8A900AD98E9 /* OpenBooks */ = {
			isa = PBXGroup;
			children = (
				25C4C72F2CCE6AE700AA2CCB /* Tools */,
				25C4C7242CCE61D600AA2CCB /* Enums */,
				25C4C7232CCE613700AA2CCB /* Models */,
				25C4C7222CCE612F00AA2CCB /* ViewModels */,
				25C4C7212CCE612900AA2CCB /* Views */,
				25680A292CCCF8A900AD98E9 /* OpenBooksApp.swift */,
				25680A2B2CCCF8A900AD98E9 /* ContentView.swift */,
				25680A2D2CCCF8AA00AD98E9 /* Assets.xcassets */,
				25680A2F2CCCF8AA00AD98E9 /* Preview Content */,
			);
			path = OpenBooks;
			sourceTree = "<group>";
		};
		25680A2F2CCCF8AA00AD98E9 /* Preview Content */ = {
			isa = PBXGroup;
			children = (
				25680A302CCCF8AA00AD98E9 /* Preview Assets.xcassets */,
			);
			path = "Preview Content";
			sourceTree = "<group>";
		};
		25C4C7212CCE612900AA2CCB /* Views */ = {
			isa = PBXGroup;
			children = (
				25C4C7292CCE632400AA2CCB /* CategoryButtonView.swift */,
				25C4C72B2CCE636F00AA2CCB /* BookView.swift */,
				25C4C7322CCE6B4800AA2CCB /* SelectedView.swift */,
				25C4C7342CCE6C6000AA2CCB /* BooksView.swift */,
				25C4C7362CCE6EBC00AA2CCB /* HomeView.swift */,
				25077E0B2CCE861000AA8A70 /* PopularReadView.swift */,
			);
			path = Views;
			sourceTree = "<group>";
		};
		25C4C7222CCE612F00AA2CCB /* ViewModels */ = {
			isa = PBXGroup;
			children = (
				25C4C72D2CCE66E900AA2CCB /* BookViewModel.swift */,
			);
			path = ViewModels;
			sourceTree = "<group>";
		};
		25C4C7232CCE613700AA2CCB /* Models */ = {
			isa = PBXGroup;
			children = (
				25C4C7272CCE622C00AA2CCB /* Book.swift */,
			);
			path = Models;
			sourceTree = "<group>";
		};
		25C4C7242CCE61D600AA2CCB /* Enums */ = {
			isa = PBXGroup;
			children = (
				25C4C7252CCE61E100AA2CCB /* Enums.swift */,
			);
			path = Enums;
			sourceTree = "<group>";
		};
		25C4C72F2CCE6AE700AA2CCB /* Tools */ = {
			isa = PBXGroup;
			children = (
				25C4C7382CCE6EEE00AA2CCB /* SegmentedControll.swift */,
				25077E0D2CCE8EF700AA8A70 /* SafariView.swift */,
			);
			path = Tools;
			sourceTree = "<group>";
		};
/* End PBXGroup section */

/* Begin PBXNativeTarget section */
		25680A252CCCF8A900AD98E9 /* OpenBooks */ = {
			isa = PBXNativeTarget;
			buildConfigurationList = 25680A342CCCF8AA00AD98E9 /* Build configuration list for PBXNativeTarget "OpenBooks" */;
			buildPhases = (
				25680A222CCCF8A900AD98E9 /* Sources */,
				25680A232CCCF8A900AD98E9 /* Frameworks */,
				25680A242CCCF8A900AD98E9 /* Resources */,
			);
			buildRules = (
			);
			dependencies = (
			);
			name = OpenBooks;
			productName = OpenBooks;
			productReference = 25680A262CCCF8A900AD98E9 /* OpenBooks.app */;
			productType = "com.apple.product-type.application";
		};
/* End PBXNativeTarget section */

/* Begin PBXProject section */
		25680A1E2CCCF8A900AD98E9 /* Project object */ = {
			isa = PBXProject;
			attributes = {
				BuildIndependentTargetsInParallel = 1;
				LastSwiftUpdateCheck = 1520;
				LastUpgradeCheck = 1520;
				TargetAttributes = {
					25680A252CCCF8A900AD98E9 = {
						CreatedOnToolsVersion = 15.2;
					};
				};
			};
			buildConfigurationList = 25680A212CCCF8A900AD98E9 /* Build configuration list for PBXProject "OpenBooks" */;
			compatibilityVersion = "Xcode 14.0";
			developmentRegion = en;
			hasScannedForEncodings = 0;
			knownRegions = (
				en,
				Base,
			);
			mainGroup = 25680A1D2CCCF8A900AD98E9;
			packageReferences = (
			);
			productRefGroup = 25680A272CCCF8A900AD98E9 /* Products */;
			projectDirPath = "";
			projectRoot = "";
			targets = (
				25680A252CCCF8A900AD98E9 /* OpenBooks */,
			);
		};
/* End PBXProject section */

/* Begin PBXResourcesBuildPhase section */
		25680A242CCCF8A900AD98E9 /* Resources */ = {
			isa = PBXResourcesBuildPhase;
			buildActionMask = 2147483647;
			files = (
				25680A312CCCF8AA00AD98E9 /* Preview Assets.xcassets in Resources */,
				25C9C1F12CCE50A500E262B4 /* .gitignore in Resources */,
				25680A2E2CCCF8AA00AD98E9 /* Assets.xcassets in Resources */,
			);
			runOnlyForDeploymentPostprocessing = 0;
		};
/* End PBXResourcesBuildPhase section */

/* Begin PBXSourcesBuildPhase section */
		25680A222CCCF8A900AD98E9 /* Sources */ = {
			isa = PBXSourcesBuildPhase;
			buildActionMask = 2147483647;
			files = (
				25077E0C2CCE861000AA8A70 /* PopularReadView.swift in Sources */,
				25C4C7282CCE622C00AA2CCB /* Book.swift in Sources */,
				25C4C72E2CCE66E900AA2CCB /* BookViewModel.swift in Sources */,
				25680A2C2CCCF8A900AD98E9 /* ContentView.swift in Sources */,
				25C4C7262CCE61E100AA2CCB /* Enums.swift in Sources */,
				25077E0E2CCE8EF700AA8A70 /* SafariView.swift in Sources */,
				25C4C7372CCE6EBC00AA2CCB /* HomeView.swift in Sources */,
				25C4C72C2CCE636F00AA2CCB /* BookView.swift in Sources */,
				25680A2A2CCCF8A900AD98E9 /* OpenBooksApp.swift in Sources */,
				25C4C7352CCE6C6000AA2CCB /* BooksView.swift in Sources */,
				25C4C72A2CCE632400AA2CCB /* CategoryButtonView.swift in Sources */,
				25C4C7332CCE6B4800AA2CCB /* SelectedView.swift in Sources */,
				25C4C7392CCE6EEE00AA2CCB /* SegmentedControll.swift in Sources */,
			);
			runOnlyForDeploymentPostprocessing = 0;
		};
/* End PBXSourcesBuildPhase section */

/* Begin XCBuildConfiguration section */
		25680A322CCCF8AA00AD98E9 /* Debug */ = {
			isa = XCBuildConfiguration;
			buildSettings = {
				ALWAYS_SEARCH_USER_PATHS = NO;
				ASSETCATALOG_COMPILER_GENERATE_SWIFT_ASSET_SYMBOL_EXTENSIONS = YES;
				CLANG_ANALYZER_NONNULL = YES;
				CLANG_ANALYZER_NUMBER_OBJECT_CONVERSION = YES_AGGRESSIVE;
				CLANG_CXX_LANGUAGE_STANDARD = "gnu++20";
				CLANG_ENABLE_MODULES = YES;
				CLANG_ENABLE_OBJC_ARC = YES;
				CLANG_ENABLE_OBJC_WEAK = YES;
				CLANG_WARN_BLOCK_CAPTURE_AUTORELEASING = YES;
				CLANG_WARN_BOOL_CONVERSION = YES;
				CLANG_WARN_COMMA = YES;
				CLANG_WARN_CONSTANT_CONVERSION = YES;
				CLANG_WARN_DEPRECATED_OBJC_IMPLEMENTATIONS = YES;
				CLANG_WARN_DIRECT_OBJC_ISA_USAGE = YES_ERROR;
				CLANG_WARN_DOCUMENTATION_COMMENTS = YES;
				CLANG_WARN_EMPTY_BODY = YES;
				CLANG_WARN_ENUM_CONVERSION = YES;
				CLANG_WARN_INFINITE_RECURSION = YES;
				CLANG_WARN_INT_CONVERSION = YES;
				CLANG_WARN_NON_LITERAL_NULL_CONVERSION = YES;
				CLANG_WARN_OBJC_IMPLICIT_RETAIN_SELF = YES;
				CLANG_WARN_OBJC_LITERAL_CONVERSION = YES;
				CLANG_WARN_OBJC_ROOT_CLASS = YES_ERROR;
				CLANG_WARN_QUOTED_INCLUDE_IN_FRAMEWORK_HEADER = YES;
				CLANG_WARN_RANGE_LOOP_ANALYSIS = YES;
				CLANG_WARN_STRICT_PROTOTYPES = YES;
				CLANG_WARN_SUSPICIOUS_MOVE = YES;
				CLANG_WARN_UNGUARDED_AVAILABILITY = YES_AGGRESSIVE;
				CLANG_WARN_UNREACHABLE_CODE = YES;
				CLANG_WARN__DUPLICATE_METHOD_MATCH = YES;
				COPY_PHASE_STRIP = NO;
				DEBUG_INFORMATION_FORMAT = dwarf;
				ENABLE_STRICT_OBJC_MSGSEND = YES;
				ENABLE_TESTABILITY = YES;
				ENABLE_USER_SCRIPT_SANDBOXING = YES;
				GCC_C_LANGUAGE_STANDARD = gnu17;
				GCC_DYNAMIC_NO_PIC = NO;
				GCC_NO_COMMON_BLOCKS = YES;
				GCC_OPTIMIZATION_LEVEL = 0;
				GCC_PREPROCESSOR_DEFINITIONS = (
					"DEBUG=1",
					"$(inherited)",
				);
				GCC_WARN_64_TO_32_BIT_CONVERSION = YES;
				GCC_WARN_ABOUT_RETURN_TYPE = YES_ERROR;
				GCC_WARN_UNDECLARED_SELECTOR = YES;
				GCC_WARN_UNINITIALIZED_AUTOS = YES_AGGRESSIVE;
				GCC_WARN_UNUSED_FUNCTION = YES;
				GCC_WARN_UNUSED_VARIABLE = YES;
				IPHONEOS_DEPLOYMENT_TARGET = 17.2;
				LOCALIZATION_PREFERS_STRING_CATALOGS = YES;
				MTL_ENABLE_DEBUG_INFO = INCLUDE_SOURCE;
				MTL_FAST_MATH = YES;
				ONLY_ACTIVE_ARCH = YES;
				SDKROOT = iphoneos;
				SWIFT_ACTIVE_COMPILATION_CONDITIONS = "DEBUG $(inherited)";
				SWIFT_OPTIMIZATION_LEVEL = "-Onone";
			};
			name = Debug;
		};
		25680A332CCCF8AA00AD98E9 /* Release */ = {
			isa = XCBuildConfiguration;
			buildSettings = {
				ALWAYS_SEARCH_USER_PATHS = NO;
				ASSETCATALOG_COMPILER_GENERATE_SWIFT_ASSET_SYMBOL_EXTENSIONS = YES;
				CLANG_ANALYZER_NONNULL = YES;
				CLANG_ANALYZER_NUMBER_OBJECT_CONVERSION = YES_AGGRESSIVE;
				CLANG_CXX_LANGUAGE_STANDARD = "gnu++20";
				CLANG_ENABLE_MODULES = YES;
				CLANG_ENABLE_OBJC_ARC = YES;
				CLANG_ENABLE_OBJC_WEAK = YES;
				CLANG_WARN_BLOCK_CAPTURE_AUTORELEASING = YES;
				CLANG_WARN_BOOL_CONVERSION = YES;
				CLANG_WARN_COMMA = YES;
				CLANG_WARN_CONSTANT_CONVERSION = YES;
				CLANG_WARN_DEPRECATED_OBJC_IMPLEMENTATIONS = YES;
				CLANG_WARN_DIRECT_OBJC_ISA_USAGE = YES_ERROR;
				CLANG_WARN_DOCUMENTATION_COMMENTS = YES;
				CLANG_WARN_EMPTY_BODY = YES;
				CLANG_WARN_ENUM_CONVERSION = YES;
				CLANG_WARN_INFINITE_RECURSION = YES;
				CLANG_WARN_INT_CONVERSION = YES;
				CLANG_WARN_NON_LITERAL_NULL_CONVERSION = YES;
				CLANG_WARN_OBJC_IMPLICIT_RETAIN_SELF = YES;
				CLANG_WARN_OBJC_LITERAL_CONVERSION = YES;
				CLANG_WARN_OBJC_ROOT_CLASS = YES_ERROR;
				CLANG_WARN_QUOTED_INCLUDE_IN_FRAMEWORK_HEADER = YES;
				CLANG_WARN_RANGE_LOOP_ANALYSIS = YES;
				CLANG_WARN_STRICT_PROTOTYPES = YES;
				CLANG_WARN_SUSPICIOUS_MOVE = YES;
				CLANG_WARN_UNGUARDED_AVAILABILITY = YES_AGGRESSIVE;
				CLANG_WARN_UNREACHABLE_CODE = YES;
				CLANG_WARN__DUPLICATE_METHOD_MATCH = YES;
				COPY_PHASE_STRIP = NO;
				DEBUG_INFORMATION_FORMAT = "dwarf-with-dsym";
				ENABLE_NS_ASSERTIONS = NO;
				ENABLE_STRICT_OBJC_MSGSEND = YES;
				ENABLE_USER_SCRIPT_SANDBOXING = YES;
				GCC_C_LANGUAGE_STANDARD = gnu17;
				GCC_NO_COMMON_BLOCKS = YES;
				GCC_WARN_64_TO_32_BIT_CONVERSION = YES;
				GCC_WARN_ABOUT_RETURN_TYPE = YES_ERROR;
				GCC_WARN_UNDECLARED_SELECTOR = YES;
				GCC_WARN_UNINITIALIZED_AUTOS = YES_AGGRESSIVE;
				GCC_WARN_UNUSED_FUNCTION = YES;
				GCC_WARN_UNUSED_VARIABLE = YES;
				IPHONEOS_DEPLOYMENT_TARGET = 17.2;
				LOCALIZATION_PREFERS_STRING_CATALOGS = YES;
				MTL_ENABLE_DEBUG_INFO = NO;
				MTL_FAST_MATH = YES;
				SDKROOT = iphoneos;
				SWIFT_COMPILATION_MODE = wholemodule;
				VALIDATE_PRODUCT = YES;
			};
			name = Release;
		};
		25680A352CCCF8AA00AD98E9 /* Debug */ = {
			isa = XCBuildConfiguration;
			buildSettings = {
				ASSETCATALOG_COMPILER_APPICON_NAME = AppIcon;
				ASSETCATALOG_COMPILER_GLOBAL_ACCENT_COLOR_NAME = AccentColor;
				CODE_SIGN_STYLE = Automatic;
				CURRENT_PROJECT_VERSION = 1;
				DEVELOPMENT_ASSET_PATHS = "\"OpenBooks/Preview Content\"";
				ENABLE_PREVIEWS = YES;
				GENERATE_INFOPLIST_FILE = YES;
				INFOPLIST_KEY_UIApplicationSceneManifest_Generation = YES;
				INFOPLIST_KEY_UIApplicationSupportsIndirectInputEvents = YES;
				INFOPLIST_KEY_UILaunchScreen_Generation = YES;
				INFOPLIST_KEY_UISupportedInterfaceOrientations_iPad = "UIInterfaceOrientationPortrait UIInterfaceOrientationPortraitUpsideDown UIInterfaceOrientationLandscapeLeft UIInterfaceOrientationLandscapeRight";
				INFOPLIST_KEY_UISupportedInterfaceOrientations_iPhone = "UIInterfaceOrientationPortrait UIInterfaceOrientationLandscapeLeft UIInterfaceOrientationLandscapeRight";
				LD_RUNPATH_SEARCH_PATHS = (
					"$(inherited)",
					"@executable_path/Frameworks",
				);
				MARKETING_VERSION = 1.0;
				PRODUCT_BUNDLE_IDENTIFIER = com.rana.OpenBooks;
				PRODUCT_NAME = "$(TARGET_NAME)";
				SWIFT_EMIT_LOC_STRINGS = YES;
				SWIFT_VERSION = 5.0;
				TARGETED_DEVICE_FAMILY = "1,2";
			};
			name = Debug;
		};
		25680A362CCCF8AA00AD98E9 /* Release */ = {
			isa = XCBuildConfiguration;
			buildSettings = {
				ASSETCATALOG_COMPILER_APPICON_NAME = AppIcon;
				ASSETCATALOG_COMPILER_GLOBAL_ACCENT_COLOR_NAME = AccentColor;
				CODE_SIGN_STYLE = Automatic;
				CURRENT_PROJECT_VERSION = 1;
				DEVELOPMENT_ASSET_PATHS = "\"OpenBooks/Preview Content\"";
				ENABLE_PREVIEWS = YES;
				GENERATE_INFOPLIST_FILE = YES;
				INFOPLIST_KEY_UIApplicationSceneManifest_Generation = YES;
				INFOPLIST_KEY_UIApplicationSupportsIndirectInputEvents = YES;
				INFOPLIST_KEY_UILaunchScreen_Generation = YES;
				INFOPLIST_KEY_UISupportedInterfaceOrientations_iPad = "UIInterfaceOrientationPortrait UIInterfaceOrientationPortraitUpsideDown UIInterfaceOrientationLandscapeLeft UIInterfaceOrientationLandscapeRight";
				INFOPLIST_KEY_UISupportedInterfaceOrientations_iPhone = "UIInterfaceOrientationPortrait UIInterfaceOrientationLandscapeLeft UIInterfaceOrientationLandscapeRight";
				LD_RUNPATH_SEARCH_PATHS = (
					"$(inherited)",
					"@executable_path/Frameworks",
				);
				MARKETING_VERSION = 1.0;
				PRODUCT_BUNDLE_IDENTIFIER = com.rana.OpenBooks;
				PRODUCT_NAME = "$(TARGET_NAME)";
				SWIFT_EMIT_LOC_STRINGS = YES;
				SWIFT_VERSION = 5.0;
				TARGETED_DEVICE_FAMILY = "1,2";
			};
			name = Release;
		};
/* End XCBuildConfiguration section */

/* Begin XCConfigurationList section */
		25680A212CCCF8A900AD98E9 /* Build configuration list for PBXProject "OpenBooks" */ = {
			isa = XCConfigurationList;
			buildConfigurations = (
				25680A322CCCF8AA00AD98E9 /* Debug */,
				25680A332CCCF8AA00AD98E9 /* Release */,
			);
			defaultConfigurationIsVisible = 0;
			defaultConfigurationName = Release;
		};
		25680A342CCCF8AA00AD98E9 /* Build configuration list for PBXNativeTarget "OpenBooks" */ = {
			isa = XCConfigurationList;
			buildConfigurations = (
				25680A352CCCF8AA00AD98E9 /* Debug */,
				25680A362CCCF8AA00AD98E9 /* Release */,
			);
			defaultConfigurationIsVisible = 0;
			defaultConfigurationName = Release;
		};
/* End XCConfigurationList section */
	};
	rootObject = 25680A1E2CCCF8A900AD98E9 /* Project object */;
}
